github.com/bmatcuk/doublestar/v4 v4.10.2 h1:eF7W7HWKg3z9NrWV9pTLnNeoXaqq3Tq9DNKXVMfoCnw=
github.com/bmatcuk/doublestar/v4 v4.10.2/go.mod h1:xBQ8jztBU6kakFMg+8WGxn0c6z1fTSPVIjEY1Wr7jzc=
github.com/client9/tojson v1.2.0 h1:3Q/Zznt1HogGpO8iPta9wsXjo3A2h+g+M8DYk0eELZA=
github.com/client9/tojson v1.2.0/go.mod h1:O+LLKspWkhoGIXqswSCKZPFS1kgLOpL12DST21bpapI=
