github.com/client9/ssg v0.0.0-20260412004643-497cf07fcc54 h1:3DCEOrM+HDiZcZQEwRPnqBwSe8MAQC4LH0J99Iv53ew=
github.com/client9/ssg v0.0.0-20260412004643-497cf07fcc54/go.mod h1:LTTFnuKrTUzzgSaer9mqcT2GZ1Xs8ERmwEzJ8O9q4j4=
go.yaml.in/yaml/v4 v4.0.0-rc.4 h1:UP4+v6fFrBIb1l934bDl//mmnoIZEDK0idg1+AIvX5U=
go.yaml.in/yaml/v4 v4.0.0-rc.4/go.mod h1:aZqd9kCMsGL7AuUv/m/PvWLdg5sjJsZ4oHDEnfPPfY0=
